// !$*UTF8*$!
{
	archiveVersion = 1;
	classes = {
	};
	objectVersion = 50;
	objects = {

/* Begin PBXBuildFile section */
		E7BC72D421C3346000A71B08 /* AppDelegate.swift in Sources */ = {isa = PBXBuildFile; fileRef = E7BC72D321C3346000A71B08 /* AppDelegate.swift */; };
		E7BC72D621C3346000A71B08 /* ViewController.swift in Sources */ = {isa = PBXBuildFile; fileRef = E7BC72D521C3346000A71B08 /* ViewController.swift */; };
		E7BC72D921C3346000A71B08 /* Main.storyboard in Resources */ = {isa = PBXBuildFile; fileRef = E7BC72D721C3346000A71B08 /* Main.storyboard */; };
		E7BC72DC21C3346000A71B08 /* BMI_Tracker_Test.xcdatamodeld in Sources */ = {isa = PBXBuildFile; fileRef = E7BC72DA21C3346000A71B08 /* BMI_Tracker_Test.xcdatamodeld */; };
		E7BC72DE21C3346100A71B08 /* Assets.xcassets in Resources */ = {isa = PBXBuildFile; fileRef = E7BC72DD21C3346100A71B08 /* Assets.xcassets */; };
		E7BC72E121C3346100A71B08 /* LaunchScreen.storyboard in Resources */ = {isa = PBXBuildFile; fileRef = E7BC72DF21C3346100A71B08 /* LaunchScreen.storyboard */; };
/* End PBXBuildFile section */

/* Begin PBXFileReference section */
		E7BC72D021C3345F00A71B08 /* BMI_Tracker_Test.app */ = {isa = PBXFileReference; explicitFileType = wrapper.application; includeInIndex = 0; path = BMI_Tracker_Test.app; sourceTree = BUILT_PRODUCTS_DIR; };
		E7BC72D321C3346000A71B08 /* AppDelegate.swift */ = {isa = PBXFileReference; lastKnownFileType = sourcecode.swift; path = AppDelegate.swift; sourceTree = "<group>"; };
		E7BC72D521C3346000A71B08 /* ViewController.swift */ = {isa = PBXFileReference; lastKnownFileType = sourcecode.swift; path = ViewController.swift; sourceTree = "<group>"; };
		E7BC72D821C3346000A71B08 /* Base */ = {isa = PBXFileReference; lastKnownFileType = file.storyboard; name = Base; path = Base.lproj/Main.storyboard; sourceTree = "<group>"; };
		E7BC72DB21C3346000A71B08 /* BMI_Tracker_Test.xcdatamodel */ = {isa = PBXFileReference; lastKnownFileType = wrapper.xcdatamodel; path = BMI_Tracker_Test.xcdatamodel; sourceTree = "<group>"; };
		E7BC72DD21C3346100A71B08 /* Assets.xcassets */ = {isa = PBXFileReference; lastKnownFileType = folder.assetcatalog; path = Assets.xcassets; sourceTree = "<group>"; };
		E7BC72E021C3346100A71B08 /* Base */ = {isa = PBXFileReference; lastKnownFileType = file.storyboard; name = Base; path = Base.lproj/LaunchScreen.storyboard; sourceTree = "<group>"; };
		E7BC72E221C3346100A71B08 /* Info.plist */ = {isa = PBXFileReference; lastKnownFileType = text.plist.xml; path = Info.plist; sourceTree = "<group>"; };
/* End PBXFileReference section */

/* Begin PBXFrameworksBuildPhase section */
		E7BC72CD21C3345F00A71B08 /* Frameworks */ = {
			isa = PBXFrameworksBuildPhase;
			buildActionMask = 2147483647;
			files = (
			);
			runOnlyForDeploymentPostprocessing = 0;
		};
/* End PBXFrameworksBuildPhase section */

/* Begin PBXGroup section */
		E7BC72C721C3345F00A71B08 = {
			isa = PBXGroup;
			children = (
				E7BC72D221C3345F00A71B08 /* BMI_Tracker_Test */,
				E7BC72D121C3345F00A71B08 /* Products */,
			);
			sourceTree = "<group>";
		};
		E7BC72D121C3345F00A71B08 /* Products */ = {
			isa = PBXGroup;
			children = (
				E7BC72D021C3345F00A71B08 /* BMI_Tracker_Test.app */,
			);
			name = Products;
			sourceTree = "<group>";
		};
		E7BC72D221C3345F00A71B08 /* BMI_Tracker_Test */ = {
			isa = PBXGroup;
			children = (
				E7BC72D321C3346000A71B08 /* AppDelegate.swift */,
				E7BC72D521C3346000A71B08 /* ViewController.swift */,
				E7BC72D721C3346000A71B08 /* Main.storyboard */,
				E7BC72DD21C3346100A71B08 /* Assets.xcassets */,
				E7BC72DF21C3346100A71B08 /* LaunchScreen.storyboard */,
				E7BC72E221C3346100A71B08 /* Info.plist */,
				E7BC72DA21C3346000A71B08 /* BMI_Tracker_Test.xcdatamodeld */,
			);
			path = BMI_Tracker_Test;
			sourceTree = "<group>";
		};
/* End PBXGroup section */

/* Begin PBXNativeTarget section */
		E7BC72CF21C3345F00A71B08 /* BMI_Tracker_Test */ = {
			isa = PBXNativeTarget;
			buildConfigurationList = E7BC72E521C3346100A71B08 /* Build configuration list for PBXNativeTarget "BMI_Tracker_Test" */;
			buildPhases = (
				E7BC72CC21C3345F00A71B08 /* Sources */,
				E7BC72CD21C3345F00A71B08 /* Frameworks */,
				E7BC72CE21C3345F00A71B08 /* Resources */,
			);
			buildRules = (
			);
			dependencies = (
			);
			name = BMI_Tracker_Test;
			productName = BMI_Tracker_Test;
			productReference = E7BC72D021C3345F00A71B08 /* BMI_Tracker_Test.app */;
			productType = "com.apple.product-type.application";
		};
/* End PBXNativeTarget section */

/* Begin PBXProject section */
		E7BC72C821C3345F00A71B08 /* Project object */ = {
			isa = PBXProject;
			attributes = {
				LastSwiftUpdateCheck = 0940;
				LastUpgradeCheck = 0940;
				ORGANIZATIONNAME = "Sherlyn Lobo";
				TargetAttributes = {
					E7BC72CF21C3345F00A71B08 = {
						CreatedOnToolsVersion = 9.4.1;
					};
				};
			};
			buildConfigurationList = E7BC72CB21C3345F00A71B08 /* Build configuration list for PBXProject "BMI_Tracker_Test" */;
			compatibilityVersion = "Xcode 9.3";
			developmentRegion = en;
			hasScannedForEncodings = 0;
			knownRegions = (
				en,
				Base,
			);
			mainGroup = E7BC72C721C3345F00A71B08;
			productRefGroup = E7BC72D121C3345F00A71B08 /* Products */;
			projectDirPath = "";
			projectRoot = "";
			targets = (
				E7BC72CF21C3345F00A71B08 /* BMI_Tracker_Test */,
			);
		};
/* End PBXProject section */

/* Begin PBXResourcesBuildPhase section */
		E7BC72CE21C3345F00A71B08 /* Resources */ = {
			isa = PBXResourcesBuildPhase;
			buildActionMask = 2147483647;
			files = (
				E7BC72E121C3346100A71B08 /* LaunchScreen.storyboard in Resources */,
				E7BC72DE21C3346100A71B08 /* Assets.xcassets in Resources */,
				E7BC72D921C3346000A71B08 /* Main.storyboard in Resources */,
			);
			runOnlyForDeploymentPostprocessing = 0;
		};
/* End PBXResourcesBuildPhase section */

/* Begin PBXSourcesBuildPhase section */
		E7BC72CC21C3345F00A71B08 /* Sources */ = {
			isa = PBXSourcesBuildPhase;
			buildActionMask = 2147483647;
			files = (
				E7BC72D621C3346000A71B08 /* ViewController.swift in Sources */,
				E7BC72DC21C3346000A71B08 /* BMI_Tracker_Test.xcdatamodeld in Sources */,
				E7BC72D421C3346000A71B08 /* AppDelegate.swift in Sources */,
			);
			runOnlyForDeploymentPostprocessing = 0;
		};
/* End PBXSourcesBuildPhase section */

/* Begin PBXVariantGroup section */
		E7BC72D721C3346000A71B08 /* Main.storyboard */ = {
			isa = PBXVariantGroup;
			children = (
				E7BC72D821C3346000A71B08 /* Base */,
			);
			name = Main.storyboard;
			sourceTree = "<group>";
		};
		E7BC72DF21C3346100A71B08 /* LaunchScreen.storyboard */ = {
			isa = PBXVariantGroup;
			children = (
				E7BC72E021C3346100A71B08 /* Base */,
			);
			name = LaunchScreen.storyboard;
			sourceTree = "<group>";
		};
/* End PBXVariantGroup section */

/* Begin XCBuildConfiguration section */
		E7BC72E321C3346100A71B08 /* Debug */ = {
			isa = XCBuildConfiguration;
			buildSettings = {
				ALWAYS_SEARCH_USER_PATHS = NO;
				CLANG_ANALYZER_NONNULL = YES;
				CLANG_ANALYZER_NUMBER_OBJECT_CONVERSION = YES_AGGRESSIVE;
				CLANG_CXX_LANGUAGE_STANDARD = "gnu++14";
				CLANG_CXX_LIBRARY = "libc++";
				CLANG_ENABLE_MODULES = YES;
				CLANG_ENABLE_OBJC_ARC = YES;
				CLANG_ENABLE_OBJC_WEAK = YES;
				CLANG_WARN_BLOCK_CAPTURE_AUTORELEASING = YES;
				CLANG_WARN_BOOL_CONVERSION = YES;
				CLANG_WARN_COMMA = YES;
				CLANG_WARN_CONSTANT_CONVERSION = YES;
				CLANG_WARN_DEPRECATED_OBJC_IMPLEMENTATIONS = YES;
				CLANG_WARN_DIRECT_OBJC_ISA_USAGE = YES_ERROR;
				CLANG_WARN_DOCUMENTATION_COMMENTS = YES;
				CLANG_WARN_EMPTY_BODY = YES;
				CLANG_WARN_ENUM_CONVERSION = YES;
				CLANG_WARN_INFINITE_RECURSION = YES;
				CLANG_WARN_INT_CONVERSION = YES;
				CLANG_WARN_NON_LITERAL_NULL_CONVERSION = YES;
				CLANG_WARN_OBJC_IMPLICIT_RETAIN_SELF = YES;
				CLANG_WARN_OBJC_LITERAL_CONVERSION = YES;
				CLANG_WARN_OBJC_ROOT_CLASS = YES_ERROR;
				CLANG_WARN_RANGE_LOOP_ANALYSIS = YES;
				CLANG_WARN_STRICT_PROTOTYPES = YES;
				CLANG_WARN_SUSPICIOUS_MOVE = YES;
				CLANG_WARN_UNGUARDED_AVAILABILITY = YES_AGGRESSIVE;
				CLANG_WARN_UNREACHABLE_CODE = YES;
				CLANG_WARN__DUPLICATE_METHOD_MATCH = YES;
				CODE_SIGN_IDENTITY = "iPhone Developer";
				COPY_PHASE_STRIP = NO;
				DEBUG_INFORMATION_FORMAT = dwarf;
				ENABLE_STRICT_OBJC_MSGSEND = YES;
				ENABLE_TESTABILITY = YES;
				GCC_C_LANGUAGE_STANDARD = gnu11;
				GCC_DYNAMIC_NO_PIC = NO;
				GCC_NO_COMMON_BLOCKS = YES;
				GCC_OPTIMIZATION_LEVEL = 0;
				GCC_PREPROCESSOR_DEFINITIONS = (
					"DEBUG=1",
					"$(inherited)",
				);
				GCC_WARN_64_TO_32_BIT_CONVERSION = YES;
				GCC_WARN_ABOUT_RETURN_TYPE = YES_ERROR;
				GCC_WARN_UNDECLARED_SELECTOR = YES;
				GCC_WARN_UNINITIALIZED_AUTOS = YES_AGGRESSIVE;
				GCC_WARN_UNUSED_FUNCTION = YES;
				GCC_WARN_UNUSED_VARIABLE = YES;
				IPHONEOS_DEPLOYMENT_TARGET = 11.4;
				MTL_ENABLE_DEBUG_INFO = YES;
				ONLY_ACTIVE_ARCH = YES;
				SDKROOT = iphoneos;
				SWIFT_ACTIVE_COMPILATION_CONDITIONS = DEBUG;
				SWIFT_OPTIMIZATION_LEVEL = "-Onone";
			};
			name = Debug;
		};
		E7BC72E421C3346100A71B08 /* Release */ = {
			isa = XCBuildConfiguration;
			buildSettings = {
				ALWAYS_SEARCH_USER_PATHS = NO;
				CLANG_ANALYZER_NONNULL = YES;
				CLANG_ANALYZER_NUMBER_OBJECT_CONVERSION = YES_AGGRESSIVE;
				CLANG_CXX_LANGUAGE_STANDARD = "gnu++14";
				CLANG_CXX_LIBRARY = "libc++";
				CLANG_ENABLE_MODULES = YES;
				CLANG_ENABLE_OBJC_ARC = YES;
				CLANG_ENABLE_OBJC_WEAK = YES;
				CLANG_WARN_BLOCK_CAPTURE_AUTORELEASING = YES;
				CLANG_WARN_BOOL_CONVERSION = YES;
				CLANG_WARN_COMMA = YES;
				CLANG_WARN_CONSTANT_CONVERSION = YES;
				CLANG_WARN_DEPRECATED_OBJC_IMPLEMENTATIONS = YES;
				CLANG_WARN_DIRECT_OBJC_ISA_USAGE = YES_ERROR;
				CLANG_WARN_DOCUMENTATION_COMMENTS = YES;
				CLANG_WARN_EMPTY_BODY = YES;
				CLANG_WARN_ENUM_CONVERSION = YES;
				CLANG_WARN_INFINITE_RECURSION = YES;
				CLANG_WARN_INT_CONVERSION = YES;
				CLANG_WARN_NON_LITERAL_NULL_CONVERSION = YES;
				CLANG_WARN_OBJC_IMPLICIT_RETAIN_SELF = YES;
				CLANG_WARN_OBJC_LITERAL_CONVERSION = YES;
				CLANG_WARN_OBJC_ROOT_CLASS = YES_ERROR;
				CLANG_WARN_RANGE_LOOP_ANALYSIS = YES;
				CLANG_WARN_STRICT_PROTOTYPES = YES;
				CLANG_WARN_SUSPICIOUS_MOVE = YES;
				CLANG_WARN_UNGUARDED_AVAILABILITY = YES_AGGRESSIVE;
				CLANG_WARN_UNREACHABLE_CODE = YES;
				CLANG_WARN__DUPLICATE_METHOD_MATCH = YES;
				CODE_SIGN_IDENTITY = "iPhone Developer";
				COPY_PHASE_STRIP = NO;
				DEBUG_INFORMATION_FORMAT = "dwarf-with-dsym";
				ENABLE_NS_ASSERTIONS = NO;
				ENABLE_STRICT_OBJC_MSGSEND = YES;
				GCC_C_LANGUAGE_STANDARD = gnu11;
				GCC_NO_COMMON_BLOCKS = YES;
				GCC_WARN_64_TO_32_BIT_CONVERSION = YES;
				GCC_WARN_ABOUT_RETURN_TYPE = YES_ERROR;
				GCC_WARN_UNDECLARED_SELECTOR = YES;
				GCC_WARN_UNINITIALIZED_AUTOS = YES_AGGRESSIVE;
				GCC_WARN_UNUSED_FUNCTION = YES;
				GCC_WARN_UNUSED_VARIABLE = YES;
				IPHONEOS_DEPLOYMENT_TARGET = 11.4;
				MTL_ENABLE_DEBUG_INFO = NO;
				SDKROOT = iphoneos;
				SWIFT_COMPILATION_MODE = wholemodule;
				SWIFT_OPTIMIZATION_LEVEL = "-O";
				VALIDATE_PRODUCT = YES;
			};
			name = Release;
		};
		E7BC72E621C3346100A71B08 /* Debug */ = {
			isa = XCBuildConfiguration;
			buildSettings = {
				ASSETCATALOG_COMPILER_APPICON_NAME = AppIcon;
				CODE_SIGN_STYLE = Automatic;
				DEVELOPMENT_TEAM = 2BULHRS882;
				INFOPLIST_FILE = BMI_Tracker_Test/Info.plist;
				LD_RUNPATH_SEARCH_PATHS = (
					"$(inherited)",
					"@executable_path/Frameworks",
				);
				PRODUCT_BUNDLE_IDENTIFIER = "com.centennial.sherlyn.BMI-Tracker-Test";
				PRODUCT_NAME = "$(TARGET_NAME)";
				SWIFT_VERSION = 4.0;
				TARGETED_DEVICE_FAMILY = "1,2";
			};
			name = Debug;
		};
		E7BC72E721C3346100A71B08 /* Release */ = {
			isa = XCBuildConfiguration;
			buildSettings = {
				ASSETCATALOG_COMPILER_APPICON_NAME = AppIcon;
				CODE_SIGN_STYLE = Automatic;
				DEVELOPMENT_TEAM = 2BULHRS882;
				INFOPLIST_FILE = BMI_Tracker_Test/Info.plist;
				LD_RUNPATH_SEARCH_PATHS = (
					"$(inherited)",
					"@executable_path/Frameworks",
				);
				PRODUCT_BUNDLE_IDENTIFIER = "com.centennial.sherlyn.BMI-Tracker-Test";
				PRODUCT_NAME = "$(TARGET_NAME)";
				SWIFT_VERSION = 4.0;
				TARGETED_DEVICE_FAMILY = "1,2";
			};
			name = Release;
		};
/* End XCBuildConfiguration section */

/* Begin XCConfigurationList section */
		E7BC72CB21C3345F00A71B08 /* Build configuration list for PBXProject "BMI_Tracker_Test" */ = {
			isa = XCConfigurationList;
			buildConfigurations = (
				E7BC72E321C3346100A71B08 /* Debug */,
				E7BC72E421C3346100A71B08 /* Release */,
			);
			defaultConfigurationIsVisible = 0;
			defaultConfigurationName = Release;
		};
		E7BC72E521C3346100A71B08 /* Build configuration list for PBXNativeTarget "BMI_Tracker_Test" */ = {
			isa = XCConfigurationList;
			buildConfigurations = (
				E7BC72E621C3346100A71B08 /* Debug */,
				E7BC72E721C3346100A71B08 /* Release */,
			);
			defaultConfigurationIsVisible = 0;
			defaultConfigurationName = Release;
		};
/* End XCConfigurationList section */

/* Begin XCVersionGroup section */
		E7BC72DA21C3346000A71B08 /* BMI_Tracker_Test.xcdatamodeld */ = {
			isa = XCVersionGroup;
			children = (
				E7BC72DB21C3346000A71B08 /* BMI_Tracker_Test.xcdatamodel */,
			);
			currentVersion = E7BC72DB21C3346000A71B08 /* BMI_Tracker_Test.xcdatamodel */;
			path = BMI_Tracker_Test.xcdatamodeld;
			sourceTree = "<group>";
			versionGroupType = wrapper.xcdatamodel;
		};
/* End XCVersionGroup section */
	};
	rootObject = E7BC72C821C3345F00A71B08 /* Project object */;
}
